
Microsoft Visual Studio Solution File, Format Version 12.00
Project("{2150E333-8FDC-42A3-9474-1A3956D46DE8}") = "samples", "samples", "{C906525C-0401-436F-95E8-D3376590A4D6}"
EndProject
Project("{2150E333-8FDC-42A3-9474-1A3956D46DE8}") = "BooksWebApi", "BooksWebApi", "{32DC19F4-9612-4B0E-8277-4748D62722C3}"
EndProject
Project("{FAE04EC0-301F-11D3-BF4B-00C04F79EFBC}") = "Books.Domain", "samples\BooksWebApi\Books.Domain\Books.Domain.csproj", "{23F613B2-B1CB-48E2-9C57-A8F8C2E70C2E}"
EndProject
Project("{FAE04EC0-301F-11D3-BF4B-00C04F79EFBC}") = "Books.Application", "samples\BooksWebApi\Books.Application\Books.Application.csproj", "{B31E83FA-5ADA-4460-BAFF-DBF91D54318F}"
EndProject
Project("{FAE04EC0-301F-11D3-BF4B-00C04F79EFBC}") = "Books.Infrastructure", "samples\BooksWebApi\Books.Infrastructure\Books.Infrastructure.csproj", "{B0711161-2EF6-43EA-9F49-5C87D1C5D55B}"
EndProject
Project("{FAE04EC0-301F-11D3-BF4B-00C04F79EFBC}") = "Books.WebApi", "samples\BooksWebApi\Books.WebApi\Books.WebApi.csproj", "{49F65175-F68D-4162-9938-2F51DB28C724}"
EndProject
Project("{2150E333-8FDC-42A3-9474-1A3956D46DE8}") = "src", "src", "{F685C8EA-5664-4AD2-9769-595AA4A32B6B}"
EndProject
Project("{2150E333-8FDC-42A3-9474-1A3956D46DE8}") = "tests", "tests", "{FA335458-723E-4D65-A4F0-FCA77CE5DCC2}"
EndProject
Project("{FAE04EC0-301F-11D3-BF4B-00C04F79EFBC}") = "MitMediator.InMemoryCache.Tests", "tests\MitMediator.InMemoryCache.Tests\MitMediator.InMemoryCache.Tests.csproj", "{DB870D8E-D7F4-4098-9C6B-A2D8C6533849}"
EndProject
Project("{FAE04EC0-301F-11D3-BF4B-00C04F79EFBC}") = "MitMediator.InMemoryCache", "src\MitMediator.InMemoryCache\MitMediator.InMemoryCache.csproj", "{61C9A715-4E52-4316-8DB7-E2214DF5F40F}"
EndProject
Project("{FAE04EC0-301F-11D3-BF4B-00C04F79EFBC}") = "SimpleConsoleApp", "samples\SimpleConsoleApp\SimpleConsoleApp.csproj", "{DB19DE03-AB30-4A0F-B499-431F07E18DCC}"
EndProject
Global
	GlobalSection(SolutionConfigurationPlatforms) = preSolution
		Debug|Any CPU = Debug|Any CPU
		Release|Any CPU = Release|Any CPU
	EndGlobalSection
	GlobalSection(ProjectConfigurationPlatforms) = postSolution
		{23F613B2-B1CB-48E2-9C57-A8F8C2E70C2E}.Debug|Any CPU.ActiveCfg = Debug|Any CPU
		{23F613B2-B1CB-48E2-9C57-A8F8C2E70C2E}.Debug|Any CPU.Build.0 = Debug|Any CPU
		{23F613B2-B1CB-48E2-9C57-A8F8C2E70C2E}.Release|Any CPU.ActiveCfg = Release|Any CPU
		{23F613B2-B1CB-48E2-9C57-A8F8C2E70C2E}.Release|Any CPU.Build.0 = Release|Any CPU
		{B31E83FA-5ADA-4460-BAFF-DBF91D54318F}.Debug|Any CPU.ActiveCfg = Debug|Any CPU
		{B31E83FA-5ADA-4460-BAFF-DBF91D54318F}.Debug|Any CPU.Build.0 = Debug|Any CPU
		{B31E83FA-5ADA-4460-BAFF-DBF91D54318F}.Release|Any CPU.ActiveCfg = Release|Any CPU
		{B31E83FA-5ADA-4460-BAFF-DBF91D54318F}.Release|Any CPU.Build.0 = Release|Any CPU
		{B0711161-2EF6-43EA-9F49-5C87D1C5D55B}.Debug|Any CPU.ActiveCfg = Debug|Any CPU
		{B0711161-2EF6-43EA-9F49-5C87D1C5D55B}.Debug|Any CPU.Build.0 = Debug|Any CPU
		{B0711161-2EF6-43EA-9F49-5C87D1C5D55B}.Release|Any CPU.ActiveCfg = Release|Any CPU
		{B0711161-2EF6-43EA-9F49-5C87D1C5D55B}.Release|Any CPU.Build.0 = Release|Any CPU
		{49F65175-F68D-4162-9938-2F51DB28C724}.Debug|Any CPU.ActiveCfg = Debug|Any CPU
		{49F65175-F68D-4162-9938-2F51DB28C724}.Debug|Any CPU.Build.0 = Debug|Any CPU
		{49F65175-F68D-4162-9938-2F51DB28C724}.Release|Any CPU.ActiveCfg = Release|Any CPU
		{49F65175-F68D-4162-9938-2F51DB28C724}.Release|Any CPU.Build.0 = Release|Any CPU
		{DB870D8E-D7F4-4098-9C6B-A2D8C6533849}.Debug|Any CPU.ActiveCfg = Debug|Any CPU
		{DB870D8E-D7F4-4098-9C6B-A2D8C6533849}.Debug|Any CPU.Build.0 = Debug|Any CPU
		{DB870D8E-D7F4-4098-9C6B-A2D8C6533849}.Release|Any CPU.ActiveCfg = Release|Any CPU
		{DB870D8E-D7F4-4098-9C6B-A2D8C6533849}.Release|Any CPU.Build.0 = Release|Any CPU
		{61C9A715-4E52-4316-8DB7-E2214DF5F40F}.Debug|Any CPU.ActiveCfg = Debug|Any CPU
		{61C9A715-4E52-4316-8DB7-E2214DF5F40F}.Debug|Any CPU.Build.0 = Debug|Any CPU
		{61C9A715-4E52-4316-8DB7-E2214DF5F40F}.Release|Any CPU.ActiveCfg = Release|Any CPU
		{61C9A715-4E52-4316-8DB7-E2214DF5F40F}.Release|Any CPU.Build.0 = Release|Any CPU
		{DB19DE03-AB30-4A0F-B499-431F07E18DCC}.Debug|Any CPU.ActiveCfg = Debug|Any CPU
		{DB19DE03-AB30-4A0F-B499-431F07E18DCC}.Debug|Any CPU.Build.0 = Debug|Any CPU
		{DB19DE03-AB30-4A0F-B499-431F07E18DCC}.Release|Any CPU.ActiveCfg = Release|Any CPU
		{DB19DE03-AB30-4A0F-B499-431F07E18DCC}.Release|Any CPU.Build.0 = Release|Any CPU
	EndGlobalSection
	GlobalSection(NestedProjects) = preSolution
		{32DC19F4-9612-4B0E-8277-4748D62722C3} = {C906525C-0401-436F-95E8-D3376590A4D6}
		{23F613B2-B1CB-48E2-9C57-A8F8C2E70C2E} = {32DC19F4-9612-4B0E-8277-4748D62722C3}
		{B31E83FA-5ADA-4460-BAFF-DBF91D54318F} = {32DC19F4-9612-4B0E-8277-4748D62722C3}
		{B0711161-2EF6-43EA-9F49-5C87D1C5D55B} = {32DC19F4-9612-4B0E-8277-4748D62722C3}
		{49F65175-F68D-4162-9938-2F51DB28C724} = {32DC19F4-9612-4B0E-8277-4748D62722C3}
		{DB870D8E-D7F4-4098-9C6B-A2D8C6533849} = {FA335458-723E-4D65-A4F0-FCA77CE5DCC2}
		{61C9A715-4E52-4316-8DB7-E2214DF5F40F} = {F685C8EA-5664-4AD2-9769-595AA4A32B6B}
		{DB19DE03-AB30-4A0F-B499-431F07E18DCC} = {C906525C-0401-436F-95E8-D3376590A4D6}
	EndGlobalSection
EndGlobal
